{
  "name": "@arlequins/utils",
  "version": "0.0.1",
  "lockfileVersion": 3,
  "requires": true,
  "packages": {
    "": {
      "name": "@arlequins/utils",
      "version": "0.0.1",
      "license": "MIT",
      "dependencies": {
        "dayjs": "^1.11.18",
        "typescript": "^5.9.2"
      },
      "engines": {
        "node": ">=22.x"
      }
    },
    "node_modules/dayjs": {
      "version": "1.11.18",
      "resolved": "https://registry.npmjs.org/dayjs/-/dayjs-1.11.18.tgz",
      "integrity": "sha512-zFBQ7WFRvVRhKcWoUh+ZA1g2HVgUbsZm9sbddh8EC5iv93sui8DVVz1Npvz+r6meo9VKfa8NyLWBsQK1VvIKPA==",
      "license": "MIT"
    },
    "node_modules/typescript": {
      "version": "5.9.2",
      "license": "Apache-2.0",
      "bin": {
        "tsc": "bin/tsc",
        "tsserver": "bin/tsserver"
      },
      "engines": {
        "node": ">=14.17"
      }
    }
  }
}
